
Microsoft Visual Studio Solution File, Format Version 12.00
# Visual Studio Version 17
VisualStudioVersion = 17.9.34728.123
MinimumVisualStudioVersion = 10.0.40219.1
Project("{D2ABAB84-BF74-430A-B69E-9DC6D40DDA17}") = "Cubos_Ferreteria", "Cubos_Ferreteria\Cubos_Ferreteria.dwproj", "{A27D778B-58CE-4AF6-9560-F90EFDA7F44D}"
EndProject
Global
	GlobalSection(SolutionConfigurationPlatforms) = preSolution
		Development|Default = Development|Default
	EndGlobalSection
	GlobalSection(ProjectConfigurationPlatforms) = postSolution
		{A27D778B-58CE-4AF6-9560-F90EFDA7F44D}.Development|Default.ActiveCfg = Development
		{A27D778B-58CE-4AF6-9560-F90EFDA7F44D}.Development|Default.Build.0 = Development
		{A27D778B-58CE-4AF6-9560-F90EFDA7F44D}.Development|Default.Deploy.0 = Development
	EndGlobalSection
	GlobalSection(SolutionProperties) = preSolution
		HideSolutionNode = FALSE
	EndGlobalSection
	GlobalSection(ExtensibilityGlobals) = postSolution
		SolutionGuid = {BA38E5E2-B454-4297-875C-4644A09CADCB}
	EndGlobalSection
EndGlobal
